// !$*UTF8*$!
{
	archiveVersion = 1;
	classes = {
	};
	objectVersion = 50;
	objects = {

/* Begin PBXBuildFile section */
		B2DC09AB20DEC5C00044FCA2 /* AppDelegate.swift in Sources */ = {isa = PBXBuildFile; fileRef = B2DC09AA20DEC5C00044FCA2 /* AppDelegate.swift */; };
		B2DC09AD20DEC5C00044FCA2 /* ViewController.swift in Sources */ = {isa = PBXBuildFile; fileRef = B2DC09AC20DEC5C00044FCA2 /* ViewController.swift */; };
		B2DC09B020DEC5C00044FCA2 /* Main.storyboard in Resources */ = {isa = PBXBuildFile; fileRef = B2DC09AE20DEC5C00044FCA2 /* Main.storyboard */; };
		B2DC09B220DEC5C10044FCA2 /* Assets.xcassets in Resources */ = {isa = PBXBuildFile; fileRef = B2DC09B120DEC5C10044FCA2 /* Assets.xcassets */; };
		B2DC09B520DEC5C10044FCA2 /* LaunchScreen.storyboard in Resources */ = {isa = PBXBuildFile; fileRef = B2DC09B320DEC5C10044FCA2 /* LaunchScreen.storyboard */; };
		B2DC09BD20DEC73B0044FCA2 /* CMain.swift in Sources */ = {isa = PBXBuildFile; fileRef = B2DC09BC20DEC73B0044FCA2 /* CMain.swift */; };
		B2DC09BF20DEC90D0044FCA2 /* CMainControllerInteraction.swift in Sources */ = {isa = PBXBuildFile; fileRef = B2DC09BE20DEC90D0044FCA2 /* CMainControllerInteraction.swift */; };
		B2DC09C120DEC9190044FCA2 /* CMainControllerTransition.swift in Sources */ = {isa = PBXBuildFile; fileRef = B2DC09C020DEC9190044FCA2 /* CMainControllerTransition.swift */; };
		B2DC09C320DEC9620044FCA2 /* CMainControllerTransitionPushRight.swift in Sources */ = {isa = PBXBuildFile; fileRef = B2DC09C220DEC9620044FCA2 /* CMainControllerTransitionPushRight.swift */; };
		B2DC09C520DEC96E0044FCA2 /* CMainControllerTransitionPresent.swift in Sources */ = {isa = PBXBuildFile; fileRef = B2DC09C420DEC96D0044FCA2 /* CMainControllerTransitionPresent.swift */; };
		B2DC09C720DEC9790044FCA2 /* CMainControllerTransitionReplace.swift in Sources */ = {isa = PBXBuildFile; fileRef = B2DC09C620DEC9790044FCA2 /* CMainControllerTransitionReplace.swift */; };
		B2DC09CB20DEC9F00044FCA2 /* VMainShade.swift in Sources */ = {isa = PBXBuildFile; fileRef = B2DC09CA20DEC9F00044FCA2 /* VMainShade.swift */; };
		B2DC09CF20DECA740044FCA2 /* CWelcomeController.swift in Sources */ = {isa = PBXBuildFile; fileRef = B2DC09CE20DECA740044FCA2 /* CWelcomeController.swift */; };
		B2DC09D820DECBE80044FCA2 /* UIViewControllerExtension.swift in Sources */ = {isa = PBXBuildFile; fileRef = B2DC09D720DECBE80044FCA2 /* UIViewControllerExtension.swift */; };
		B2DC09DA20DECC270044FCA2 /* UICollectionReusableViewExtension.swift in Sources */ = {isa = PBXBuildFile; fileRef = B2DC09D920DECC270044FCA2 /* UICollectionReusableViewExtension.swift */; };
		B2DC09DC20DED9910044FCA2 /* VWelcomeView.swift in Sources */ = {isa = PBXBuildFile; fileRef = B2DC09DB20DED9910044FCA2 /* VWelcomeView.swift */; };
		B2DC09DF20DEE0F40044FCA2 /* CoreMotion.framework in Frameworks */ = {isa = PBXBuildFile; fileRef = B2DC09DE20DEE0F40044FCA2 /* CoreMotion.framework */; };
		B2DC09E120DF0FA70044FCA2 /* MRequestManager.swift in Sources */ = {isa = PBXBuildFile; fileRef = B2DC09E020DF0FA70044FCA2 /* MRequestManager.swift */; };
/* End PBXBuildFile section */

/* Begin PBXFileReference section */
		B2DC09A720DEC5C00044FCA2 /* Ne2Mi.app */ = {isa = PBXFileReference; explicitFileType = wrapper.application; includeInIndex = 0; path = Ne2Mi.app; sourceTree = BUILT_PRODUCTS_DIR; };
		B2DC09AA20DEC5C00044FCA2 /* AppDelegate.swift */ = {isa = PBXFileReference; lastKnownFileType = sourcecode.swift; path = AppDelegate.swift; sourceTree = "<group>"; };
		B2DC09AC20DEC5C00044FCA2 /* ViewController.swift */ = {isa = PBXFileReference; lastKnownFileType = sourcecode.swift; path = ViewController.swift; sourceTree = "<group>"; };
		B2DC09AF20DEC5C00044FCA2 /* Base */ = {isa = PBXFileReference; lastKnownFileType = file.storyboard; name = Base; path = Base.lproj/Main.storyboard; sourceTree = "<group>"; };
		B2DC09B120DEC5C10044FCA2 /* Assets.xcassets */ = {isa = PBXFileReference; lastKnownFileType = folder.assetcatalog; path = Assets.xcassets; sourceTree = "<group>"; };
		B2DC09B420DEC5C10044FCA2 /* Base */ = {isa = PBXFileReference; lastKnownFileType = file.storyboard; name = Base; path = Base.lproj/LaunchScreen.storyboard; sourceTree = "<group>"; };
		B2DC09B620DEC5C10044FCA2 /* Info.plist */ = {isa = PBXFileReference; lastKnownFileType = text.plist.xml; path = Info.plist; sourceTree = "<group>"; };
		B2DC09BC20DEC73B0044FCA2 /* CMain.swift */ = {isa = PBXFileReference; lastKnownFileType = sourcecode.swift; path = CMain.swift; sourceTree = "<group>"; };
		B2DC09BE20DEC90D0044FCA2 /* CMainControllerInteraction.swift */ = {isa = PBXFileReference; lastKnownFileType = sourcecode.swift; path = CMainControllerInteraction.swift; sourceTree = "<group>"; };
		B2DC09C020DEC9190044FCA2 /* CMainControllerTransition.swift */ = {isa = PBXFileReference; lastKnownFileType = sourcecode.swift; path = CMainControllerTransition.swift; sourceTree = "<group>"; };
		B2DC09C220DEC9620044FCA2 /* CMainControllerTransitionPushRight.swift */ = {isa = PBXFileReference; lastKnownFileType = sourcecode.swift; path = CMainControllerTransitionPushRight.swift; sourceTree = "<group>"; };
		B2DC09C420DEC96D0044FCA2 /* CMainControllerTransitionPresent.swift */ = {isa = PBXFileReference; lastKnownFileType = sourcecode.swift; path = CMainControllerTransitionPresent.swift; sourceTree = "<group>"; };
		B2DC09C620DEC9790044FCA2 /* CMainControllerTransitionReplace.swift */ = {isa = PBXFileReference; lastKnownFileType = sourcecode.swift; path = CMainControllerTransitionReplace.swift; sourceTree = "<group>"; };
		B2DC09CA20DEC9F00044FCA2 /* VMainShade.swift */ = {isa = PBXFileReference; lastKnownFileType = sourcecode.swift; path = VMainShade.swift; sourceTree = "<group>"; };
		B2DC09CE20DECA740044FCA2 /* CWelcomeController.swift */ = {isa = PBXFileReference; lastKnownFileType = sourcecode.swift; path = CWelcomeController.swift; sourceTree = "<group>"; };
		B2DC09D720DECBE80044FCA2 /* UIViewControllerExtension.swift */ = {isa = PBXFileReference; lastKnownFileType = sourcecode.swift; path = UIViewControllerExtension.swift; sourceTree = "<group>"; };
		B2DC09D920DECC270044FCA2 /* UICollectionReusableViewExtension.swift */ = {isa = PBXFileReference; lastKnownFileType = sourcecode.swift; path = UICollectionReusableViewExtension.swift; sourceTree = "<group>"; };
		B2DC09DB20DED9910044FCA2 /* VWelcomeView.swift */ = {isa = PBXFileReference; lastKnownFileType = sourcecode.swift; path = VWelcomeView.swift; sourceTree = "<group>"; };
		B2DC09DE20DEE0F40044FCA2 /* CoreMotion.framework */ = {isa = PBXFileReference; lastKnownFileType = wrapper.framework; name = CoreMotion.framework; path = System/Library/Frameworks/CoreMotion.framework; sourceTree = SDKROOT; };
		B2DC09E020DF0FA70044FCA2 /* MRequestManager.swift */ = {isa = PBXFileReference; lastKnownFileType = sourcecode.swift; path = MRequestManager.swift; sourceTree = "<group>"; };
/* End PBXFileReference section */

/* Begin PBXFrameworksBuildPhase section */
		B2DC09A420DEC5C00044FCA2 /* Frameworks */ = {
			isa = PBXFrameworksBuildPhase;
			buildActionMask = 2147483647;
			files = (
				B2DC09DF20DEE0F40044FCA2 /* CoreMotion.framework in Frameworks */,
			);
			runOnlyForDeploymentPostprocessing = 0;
		};
/* End PBXFrameworksBuildPhase section */

/* Begin PBXGroup section */
		B2DC099E20DEC5BF0044FCA2 = {
			isa = PBXGroup;
			children = (
				B2DC09A920DEC5C00044FCA2 /* Ne2Mi */,
				B2DC09A820DEC5C00044FCA2 /* Products */,
				B2DC09DD20DEE0F40044FCA2 /* Frameworks */,
			);
			sourceTree = "<group>";
		};
		B2DC09A820DEC5C00044FCA2 /* Products */ = {
			isa = PBXGroup;
			children = (
				B2DC09A720DEC5C00044FCA2 /* Ne2Mi.app */,
			);
			name = Products;
			sourceTree = "<group>";
		};
		B2DC09A920DEC5C00044FCA2 /* Ne2Mi */ = {
			isa = PBXGroup;
			children = (
				B2DC09D220DECB220044FCA2 /* Main */,
				B2DC09D020DECAFC0044FCA2 /* Transition */,
				B2DC09D120DECB120044FCA2 /* Controllers */,
				B2DC09D620DECB830044FCA2 /* Helpers */,
				B2DC09D320DECB5B0044FCA2 /* Models */,
				B2DC09D520DECB6E0044FCA2 /* Views */,
				B2DC09AE20DEC5C00044FCA2 /* Main.storyboard */,
				B2DC09B120DEC5C10044FCA2 /* Assets.xcassets */,
				B2DC09B320DEC5C10044FCA2 /* LaunchScreen.storyboard */,
				B2DC09B620DEC5C10044FCA2 /* Info.plist */,
			);
			path = Ne2Mi;
			sourceTree = "<group>";
		};
		B2DC09D020DECAFC0044FCA2 /* Transition */ = {
			isa = PBXGroup;
			children = (
				B2DC09BE20DEC90D0044FCA2 /* CMainControllerInteraction.swift */,
				B2DC09C020DEC9190044FCA2 /* CMainControllerTransition.swift */,
				B2DC09C220DEC9620044FCA2 /* CMainControllerTransitionPushRight.swift */,
				B2DC09C420DEC96D0044FCA2 /* CMainControllerTransitionPresent.swift */,
				B2DC09C620DEC9790044FCA2 /* CMainControllerTransitionReplace.swift */,
			);
			path = Transition;
			sourceTree = "<group>";
		};
		B2DC09D120DECB120044FCA2 /* Controllers */ = {
			isa = PBXGroup;
			children = (
				B2DC09CE20DECA740044FCA2 /* CWelcomeController.swift */,
			);
			path = Controllers;
			sourceTree = "<group>";
		};
		B2DC09D220DECB220044FCA2 /* Main */ = {
			isa = PBXGroup;
			children = (
				B2DC09BC20DEC73B0044FCA2 /* CMain.swift */,
				B2DC09AA20DEC5C00044FCA2 /* AppDelegate.swift */,
			);
			path = Main;
			sourceTree = "<group>";
		};
		B2DC09D320DECB5B0044FCA2 /* Models */ = {
			isa = PBXGroup;
			children = (
				B2DC09E020DF0FA70044FCA2 /* MRequestManager.swift */,
			);
			path = Models;
			sourceTree = "<group>";
		};
		B2DC09D520DECB6E0044FCA2 /* Views */ = {
			isa = PBXGroup;
			children = (
				B2DC09AC20DEC5C00044FCA2 /* ViewController.swift */,
				B2DC09DB20DED9910044FCA2 /* VWelcomeView.swift */,
			);
			path = Views;
			sourceTree = "<group>";
		};
		B2DC09D620DECB830044FCA2 /* Helpers */ = {
			isa = PBXGroup;
			children = (
				B2DC09CA20DEC9F00044FCA2 /* VMainShade.swift */,
				B2DC09D720DECBE80044FCA2 /* UIViewControllerExtension.swift */,
				B2DC09D920DECC270044FCA2 /* UICollectionReusableViewExtension.swift */,
			);
			path = Helpers;
			sourceTree = "<group>";
		};
		B2DC09DD20DEE0F40044FCA2 /* Frameworks */ = {
			isa = PBXGroup;
			children = (
				B2DC09DE20DEE0F40044FCA2 /* CoreMotion.framework */,
			);
			name = Frameworks;
			sourceTree = "<group>";
		};
/* End PBXGroup section */

/* Begin PBXNativeTarget section */
		B2DC09A620DEC5C00044FCA2 /* Ne2Mi */ = {
			isa = PBXNativeTarget;
			buildConfigurationList = B2DC09B920DEC5C10044FCA2 /* Build configuration list for PBXNativeTarget "Ne2Mi" */;
			buildPhases = (
				B2DC09A320DEC5C00044FCA2 /* Sources */,
				B2DC09A420DEC5C00044FCA2 /* Frameworks */,
				B2DC09A520DEC5C00044FCA2 /* Resources */,
			);
			buildRules = (
			);
			dependencies = (
			);
			name = Ne2Mi;
			productName = Ne2Mi;
			productReference = B2DC09A720DEC5C00044FCA2 /* Ne2Mi.app */;
			productType = "com.apple.product-type.application";
		};
/* End PBXNativeTarget section */

/* Begin PBXProject section */
		B2DC099F20DEC5BF0044FCA2 /* Project object */ = {
			isa = PBXProject;
			attributes = {
				LastSwiftUpdateCheck = 0930;
				LastUpgradeCheck = 0930;
				ORGANIZATIONNAME = AngelHack;
				TargetAttributes = {
					B2DC09A620DEC5C00044FCA2 = {
						CreatedOnToolsVersion = 9.3;
					};
				};
			};
			buildConfigurationList = B2DC09A220DEC5BF0044FCA2 /* Build configuration list for PBXProject "Ne2Mi" */;
			compatibilityVersion = "Xcode 9.3";
			developmentRegion = en;
			hasScannedForEncodings = 0;
			knownRegions = (
				en,
				Base,
			);
			mainGroup = B2DC099E20DEC5BF0044FCA2;
			productRefGroup = B2DC09A820DEC5C00044FCA2 /* Products */;
			projectDirPath = "";
			projectRoot = "";
			targets = (
				B2DC09A620DEC5C00044FCA2 /* Ne2Mi */,
			);
		};
/* End PBXProject section */

/* Begin PBXResourcesBuildPhase section */
		B2DC09A520DEC5C00044FCA2 /* Resources */ = {
			isa = PBXResourcesBuildPhase;
			buildActionMask = 2147483647;
			files = (
				B2DC09B520DEC5C10044FCA2 /* LaunchScreen.storyboard in Resources */,
				B2DC09B220DEC5C10044FCA2 /* Assets.xcassets in Resources */,
				B2DC09B020DEC5C00044FCA2 /* Main.storyboard in Resources */,
			);
			runOnlyForDeploymentPostprocessing = 0;
		};
/* End PBXResourcesBuildPhase section */

/* Begin PBXSourcesBuildPhase section */
		B2DC09A320DEC5C00044FCA2 /* Sources */ = {
			isa = PBXSourcesBuildPhase;
			buildActionMask = 2147483647;
			files = (
				B2DC09C320DEC9620044FCA2 /* CMainControllerTransitionPushRight.swift in Sources */,
				B2DC09E120DF0FA70044FCA2 /* MRequestManager.swift in Sources */,
				B2DC09CB20DEC9F00044FCA2 /* VMainShade.swift in Sources */,
				B2DC09CF20DECA740044FCA2 /* CWelcomeController.swift in Sources */,
				B2DC09BD20DEC73B0044FCA2 /* CMain.swift in Sources */,
				B2DC09C520DEC96E0044FCA2 /* CMainControllerTransitionPresent.swift in Sources */,
				B2DC09C120DEC9190044FCA2 /* CMainControllerTransition.swift in Sources */,
				B2DC09C720DEC9790044FCA2 /* CMainControllerTransitionReplace.swift in Sources */,
				B2DC09AD20DEC5C00044FCA2 /* ViewController.swift in Sources */,
				B2DC09BF20DEC90D0044FCA2 /* CMainControllerInteraction.swift in Sources */,
				B2DC09D820DECBE80044FCA2 /* UIViewControllerExtension.swift in Sources */,
				B2DC09DC20DED9910044FCA2 /* VWelcomeView.swift in Sources */,
				B2DC09AB20DEC5C00044FCA2 /* AppDelegate.swift in Sources */,
				B2DC09DA20DECC270044FCA2 /* UICollectionReusableViewExtension.swift in Sources */,
			);
			runOnlyForDeploymentPostprocessing = 0;
		};
/* End PBXSourcesBuildPhase section */

/* Begin PBXVariantGroup section */
		B2DC09AE20DEC5C00044FCA2 /* Main.storyboard */ = {
			isa = PBXVariantGroup;
			children = (
				B2DC09AF20DEC5C00044FCA2 /* Base */,
			);
			name = Main.storyboard;
			sourceTree = "<group>";
		};
		B2DC09B320DEC5C10044FCA2 /* LaunchScreen.storyboard */ = {
			isa = PBXVariantGroup;
			children = (
				B2DC09B420DEC5C10044FCA2 /* Base */,
			);
			name = LaunchScreen.storyboard;
			sourceTree = "<group>";
		};
/* End PBXVariantGroup section */

/* Begin XCBuildConfiguration section */
		B2DC09B720DEC5C10044FCA2 /* Debug */ = {
			isa = XCBuildConfiguration;
			buildSettings = {
				ALWAYS_SEARCH_USER_PATHS = NO;
				CLANG_ANALYZER_NONNULL = YES;
				CLANG_ANALYZER_NUMBER_OBJECT_CONVERSION = YES_AGGRESSIVE;
				CLANG_CXX_LANGUAGE_STANDARD = "gnu++14";
				CLANG_CXX_LIBRARY = "libc++";
				CLANG_ENABLE_MODULES = YES;
				CLANG_ENABLE_OBJC_ARC = YES;
				CLANG_ENABLE_OBJC_WEAK = YES;
				CLANG_WARN_BLOCK_CAPTURE_AUTORELEASING = YES;
				CLANG_WARN_BOOL_CONVERSION = YES;
				CLANG_WARN_COMMA = YES;
				CLANG_WARN_CONSTANT_CONVERSION = YES;
				CLANG_WARN_DEPRECATED_OBJC_IMPLEMENTATIONS = YES;
				CLANG_WARN_DIRECT_OBJC_ISA_USAGE = YES_ERROR;
				CLANG_WARN_DOCUMENTATION_COMMENTS = YES;
				CLANG_WARN_EMPTY_BODY = YES;
				CLANG_WARN_ENUM_CONVERSION = YES;
				CLANG_WARN_INFINITE_RECURSION = YES;
				CLANG_WARN_INT_CONVERSION = YES;
				CLANG_WARN_NON_LITERAL_NULL_CONVERSION = YES;
				CLANG_WARN_OBJC_IMPLICIT_RETAIN_SELF = YES;
				CLANG_WARN_OBJC_LITERAL_CONVERSION = YES;
				CLANG_WARN_OBJC_ROOT_CLASS = YES_ERROR;
				CLANG_WARN_RANGE_LOOP_ANALYSIS = YES;
				CLANG_WARN_STRICT_PROTOTYPES = YES;
				CLANG_WARN_SUSPICIOUS_MOVE = YES;
				CLANG_WARN_UNGUARDED_AVAILABILITY = YES_AGGRESSIVE;
				CLANG_WARN_UNREACHABLE_CODE = YES;
				CLANG_WARN__DUPLICATE_METHOD_MATCH = YES;
				CODE_SIGN_IDENTITY = "iPhone Developer";
				COPY_PHASE_STRIP = NO;
				DEBUG_INFORMATION_FORMAT = dwarf;
				ENABLE_STRICT_OBJC_MSGSEND = YES;
				ENABLE_TESTABILITY = YES;
				GCC_C_LANGUAGE_STANDARD = gnu11;
				GCC_DYNAMIC_NO_PIC = NO;
				GCC_NO_COMMON_BLOCKS = YES;
				GCC_OPTIMIZATION_LEVEL = 0;
				GCC_PREPROCESSOR_DEFINITIONS = (
					"DEBUG=1",
					"$(inherited)",
				);
				GCC_WARN_64_TO_32_BIT_CONVERSION = YES;
				GCC_WARN_ABOUT_RETURN_TYPE = YES_ERROR;
				GCC_WARN_UNDECLARED_SELECTOR = YES;
				GCC_WARN_UNINITIALIZED_AUTOS = YES_AGGRESSIVE;
				GCC_WARN_UNUSED_FUNCTION = YES;
				GCC_WARN_UNUSED_VARIABLE = YES;
				IPHONEOS_DEPLOYMENT_TARGET = 11.3;
				MTL_ENABLE_DEBUG_INFO = YES;
				ONLY_ACTIVE_ARCH = YES;
				SDKROOT = iphoneos;
				SWIFT_ACTIVE_COMPILATION_CONDITIONS = DEBUG;
				SWIFT_OPTIMIZATION_LEVEL = "-Onone";
			};
			name = Debug;
		};
		B2DC09B820DEC5C10044FCA2 /* Release */ = {
			isa = XCBuildConfiguration;
			buildSettings = {
				ALWAYS_SEARCH_USER_PATHS = NO;
				CLANG_ANALYZER_NONNULL = YES;
				CLANG_ANALYZER_NUMBER_OBJECT_CONVERSION = YES_AGGRESSIVE;
				CLANG_CXX_LANGUAGE_STANDARD = "gnu++14";
				CLANG_CXX_LIBRARY = "libc++";
				CLANG_ENABLE_MODULES = YES;
				CLANG_ENABLE_OBJC_ARC = YES;
				CLANG_ENABLE_OBJC_WEAK = YES;
				CLANG_WARN_BLOCK_CAPTURE_AUTORELEASING = YES;
				CLANG_WARN_BOOL_CONVERSION = YES;
				CLANG_WARN_COMMA = YES;
				CLANG_WARN_CONSTANT_CONVERSION = YES;
				CLANG_WARN_DEPRECATED_OBJC_IMPLEMENTATIONS = YES;
				CLANG_WARN_DIRECT_OBJC_ISA_USAGE = YES_ERROR;
				CLANG_WARN_DOCUMENTATION_COMMENTS = YES;
				CLANG_WARN_EMPTY_BODY = YES;
				CLANG_WARN_ENUM_CONVERSION = YES;
				CLANG_WARN_INFINITE_RECURSION = YES;
				CLANG_WARN_INT_CONVERSION = YES;
				CLANG_WARN_NON_LITERAL_NULL_CONVERSION = YES;
				CLANG_WARN_OBJC_IMPLICIT_RETAIN_SELF = YES;
				CLANG_WARN_OBJC_LITERAL_CONVERSION = YES;
				CLANG_WARN_OBJC_ROOT_CLASS = YES_ERROR;
				CLANG_WARN_RANGE_LOOP_ANALYSIS = YES;
				CLANG_WARN_STRICT_PROTOTYPES = YES;
				CLANG_WARN_SUSPICIOUS_MOVE = YES;
				CLANG_WARN_UNGUARDED_AVAILABILITY = YES_AGGRESSIVE;
				CLANG_WARN_UNREACHABLE_CODE = YES;
				CLANG_WARN__DUPLICATE_METHOD_MATCH = YES;
				CODE_SIGN_IDENTITY = "iPhone Developer";
				COPY_PHASE_STRIP = NO;
				DEBUG_INFORMATION_FORMAT = "dwarf-with-dsym";
				ENABLE_NS_ASSERTIONS = NO;
				ENABLE_STRICT_OBJC_MSGSEND = YES;
				GCC_C_LANGUAGE_STANDARD = gnu11;
				GCC_NO_COMMON_BLOCKS = YES;
				GCC_WARN_64_TO_32_BIT_CONVERSION = YES;
				GCC_WARN_ABOUT_RETURN_TYPE = YES_ERROR;
				GCC_WARN_UNDECLARED_SELECTOR = YES;
				GCC_WARN_UNINITIALIZED_AUTOS = YES_AGGRESSIVE;
				GCC_WARN_UNUSED_FUNCTION = YES;
				GCC_WARN_UNUSED_VARIABLE = YES;
				IPHONEOS_DEPLOYMENT_TARGET = 11.3;
				MTL_ENABLE_DEBUG_INFO = NO;
				SDKROOT = iphoneos;
				SWIFT_COMPILATION_MODE = wholemodule;
				SWIFT_OPTIMIZATION_LEVEL = "-O";
				VALIDATE_PRODUCT = YES;
			};
			name = Release;
		};
		B2DC09BA20DEC5C10044FCA2 /* Debug */ = {
			isa = XCBuildConfiguration;
			buildSettings = {
				ASSETCATALOG_COMPILER_APPICON_NAME = AppIcon;
				CODE_SIGN_STYLE = Automatic;
				DEVELOPMENT_TEAM = 45Q3VNSD3X;
				INFOPLIST_FILE = Ne2Mi/Info.plist;
				LD_RUNPATH_SEARCH_PATHS = (
					"$(inherited)",
					"@executable_path/Frameworks",
				);
				PRODUCT_BUNDLE_IDENTIFIER = com.axkansoftware.Ne2Mi;
				PRODUCT_NAME = "$(TARGET_NAME)";
				SWIFT_VERSION = 4.0;
				TARGETED_DEVICE_FAMILY = "1,2";
			};
			name = Debug;
		};
		B2DC09BB20DEC5C10044FCA2 /* Release */ = {
			isa = XCBuildConfiguration;
			buildSettings = {
				ASSETCATALOG_COMPILER_APPICON_NAME = AppIcon;
				CODE_SIGN_STYLE = Automatic;
				DEVELOPMENT_TEAM = 45Q3VNSD3X;
				INFOPLIST_FILE = Ne2Mi/Info.plist;
				LD_RUNPATH_SEARCH_PATHS = (
					"$(inherited)",
					"@executable_path/Frameworks",
				);
				PRODUCT_BUNDLE_IDENTIFIER = com.axkansoftware.Ne2Mi;
				PRODUCT_NAME = "$(TARGET_NAME)";
				SWIFT_VERSION = 4.0;
				TARGETED_DEVICE_FAMILY = "1,2";
			};
			name = Release;
		};
/* End XCBuildConfiguration section */

/* Begin XCConfigurationList section */
		B2DC09A220DEC5BF0044FCA2 /* Build configuration list for PBXProject "Ne2Mi" */ = {
			isa = XCConfigurationList;
			buildConfigurations = (
				B2DC09B720DEC5C10044FCA2 /* Debug */,
				B2DC09B820DEC5C10044FCA2 /* Release */,
			);
			defaultConfigurationIsVisible = 0;
			defaultConfigurationName = Release;
		};
		B2DC09B920DEC5C10044FCA2 /* Build configuration list for PBXNativeTarget "Ne2Mi" */ = {
			isa = XCConfigurationList;
			buildConfigurations = (
				B2DC09BA20DEC5C10044FCA2 /* Debug */,
				B2DC09BB20DEC5C10044FCA2 /* Release */,
			);
			defaultConfigurationIsVisible = 0;
			defaultConfigurationName = Release;
		};
/* End XCConfigurationList section */
	};
	rootObject = B2DC099F20DEC5BF0044FCA2 /* Project object */;
}
